{
  "version": 4,
  "terraform_version": "1.9.8",
  "serial": 174,
  "lineage": "bfb8d904-521e-3f48-01e0-3878c2b74d23",
  "outputs": {
    "ipv4": {
      "value": "89.223.125.105",
      "type": "string"
    }
  },
  "resources": [
    {
      "mode": "data",
      "type": "twc_os",
      "name": "os",
      "provider": "provider[\"tf.timeweb.cloud/timeweb-cloud/timeweb-cloud\"]",
      "instances": [
        {
          "schema_version": 0,
          "attributes": {
            "description": "",
            "family": "linux",
            "id": "79",
            "name": "ubuntu",
            "requirements": [
              {
                "bandwidth_min": 0,
                "cpu_min": 0,
                "disk_min": 0,
                "ram_min": 0
              }
            ],
            "version": "22.04",
            "version_codename": "jammy"
          },
          "sensitive_attributes": []
        }
      ]
    },
    {
      "mode": "data",
      "type": "twc_presets",
      "name": "preset",
      "provider": "provider[\"tf.timeweb.cloud/timeweb-cloud/timeweb-cloud\"]",
      "instances": [
        {
          "schema_version": 0,
          "attributes": {
            "bandwidth": 1000,
            "cpu": 1,
            "cpu_frequency": "3.3",
            "description": "",
            "description_short": "Cloud-30",
            "disk": 30720,
            "disk_type": "nvme",
            "id": "2449",
            "is_allowed_local_network": true,
            "location": "ru-1",
            "price": 400,
            "price_filter": [
              {
                "from": 300,
                "to": 500
              }
            ],
            "ram": 2048,
            "tags": [
              "cp",
              "discount35",
              "recommended_cp",
              "site"
            ]
          },
          "sensitive_attributes": []
        }
      ]
    },
    {
      "mode": "managed",
      "type": "twc_project",
      "name": "lab5",
      "provider": "provider[\"tf.timeweb.cloud/timeweb-cloud/timeweb-cloud\"]",
      "instances": [
        {
          "schema_version": 0,
          "attributes": {
            "description": "Lab 5 project for security moment",
            "id": "1143851",
            "is_default": false,
            "name": "Lab 5 security moment"
          },
          "sensitive_attributes": [],
          "private": "bnVsbA=="
        }
      ]
    },
    {
      "mode": "managed",
      "type": "twc_server",
      "name": "server",
      "provider": "provider[\"tf.timeweb.cloud/timeweb-cloud/timeweb-cloud\"]",
      "instances": [
        {
          "schema_version": 0,
          "attributes": {
            "availability_zone": "spb-3",
            "avatar_id": "",
            "bandwidth": null,
            "boot_mode": "std",
            "cloud_init": null,
            "comment": "",
            "configuration": [],
            "configurator_id": 0,
            "cpu": 1,
            "cpu_frequency": "3.3",
            "disks": [
              {
                "id": 20276271,
                "is_mounted": true,
                "is_system": true,
                "size": 30720,
                "status": "done",
                "system_name": "vda",
                "type": "nvme",
                "used": 0
              }
            ],
            "floating_ip_id": null,
            "id": "3734941",
            "image_id": null,
            "is_ddos_guard": false,
            "local_network": [],
            "location": "ru-1",
            "main_ipv4": null,
            "name": "server",
            "networks": [
              {
                "bandwidth": 1000,
                "ips": [
                  {
                    "ip": "2a03:6f00:4::8ffb",
                    "is_main": true,
                    "ptr": "",
                    "type": "ipv6"
                  }
                ],
                "is_ddos_guard": false,
                "nat_mode": "",
                "type": "public"
              }
            ],
            "os": [
              {
                "id": 79,
                "name": "ubuntu",
                "version": "22.04"
              }
            ],
            "os_id": 79,
            "preset_id": 2449,
            "project_id": 1143851,
            "ram": 2048,
            "software": [],
            "software_id": null,
            "source_server_id": null,
            "ssh_keys_ids": null,
            "start_at": "",
            "status": "installing",
            "vnc_pass": ""
          },
          "sensitive_attributes": [
            [
              {
                "type": "get_attr",
                "value": "vnc_pass"
              }
            ]
          ],
          "private": "bnVsbA==",
          "dependencies": [
            "data.twc_os.os",
            "data.twc_presets.preset",
            "twc_project.lab5"
          ]
        }
      ]
    },
    {
      "mode": "managed",
      "type": "twc_server_disk",
      "name": "disk-3",
      "provider": "provider[\"tf.timeweb.cloud/timeweb-cloud/timeweb-cloud\"]",
      "instances": [
        {
          "schema_version": 0,
          "attributes": {
            "id": "20276301",
            "is_mounted": true,
            "is_system": false,
            "size": 5120,
            "source_server_id": 3734941,
            "status": "done",
            "system_name": "vdc",
            "type": "nvme",
            "used": 0
          },
          "sensitive_attributes": [],
          "private": "bnVsbA==",
          "dependencies": [
            "data.twc_os.os",
            "data.twc_presets.preset",
            "twc_project.lab5",
            "twc_server.server"
          ]
        }
      ]
    },
    {
      "mode": "managed",
      "type": "twc_server_disk",
      "name": "disk-5",
      "provider": "provider[\"tf.timeweb.cloud/timeweb-cloud/timeweb-cloud\"]",
      "instances": [
        {
          "schema_version": 0,
          "attributes": {
            "id": "20276299",
            "is_mounted": true,
            "is_system": false,
            "size": 5120,
            "source_server_id": 3734941,
            "status": "done",
            "system_name": "vdb",
            "type": "nvme",
            "used": 0
          },
          "sensitive_attributes": [],
          "private": "bnVsbA==",
          "dependencies": [
            "data.twc_os.os",
            "data.twc_presets.preset",
            "twc_project.lab5",
            "twc_server.server"
          ]
        }
      ]
    },
    {
      "mode": "managed",
      "type": "twc_server_ip",
      "name": "ip",
      "provider": "provider[\"tf.timeweb.cloud/timeweb-cloud/timeweb-cloud\"]",
      "instances": [
        {
          "schema_version": 0,
          "attributes": {
            "id": "3734941-89.223.125.105",
            "ip": "89.223.125.105",
            "is_main": true,
            "ptr": "",
            "source_server_id": 3734941,
            "type": "ipv4"
          },
          "sensitive_attributes": [],
          "private": "bnVsbA==",
          "dependencies": [
            "data.twc_os.os",
            "data.twc_presets.preset",
            "twc_project.lab5",
            "twc_server.server"
          ]
        }
      ]
    }
  ],
  "check_results": null
}
