{
  "version": 4,
  "terraform_version": "1.9.8",
  "serial": 12,
  "lineage": "1c67664e-f684-4ec8-6362-b7a9e299ae6e",
  "outputs": {
    "ipv4_1": {
      "value": "176.124.214.190",
      "type": "string"
    },
    "ipv4_2": {
      "value": "176.124.215.82",
      "type": "string"
    },
    "ipv4_3": {
      "value": "193.164.149.6",
      "type": "string"
    }
  },
  "resources": [
    {
      "mode": "data",
      "type": "twc_os",
      "name": "os",
      "provider": "provider[\"tf.timeweb.cloud/timeweb-cloud/timeweb-cloud\"]",
      "instances": [
        {
          "schema_version": 0,
          "attributes": {
            "description": "",
            "family": "linux",
            "id": "79",
            "name": "ubuntu",
            "requirements": [
              {
                "bandwidth_min": 0,
                "cpu_min": 0,
                "disk_min": 0,
                "ram_min": 0
              }
            ],
            "version": "22.04",
            "version_codename": "jammy"
          },
          "sensitive_attributes": []
        }
      ]
    },
    {
      "mode": "data",
      "type": "twc_presets",
      "name": "preset",
      "provider": "provider[\"tf.timeweb.cloud/timeweb-cloud/timeweb-cloud\"]",
      "instances": [
        {
          "schema_version": 0,
          "attributes": {
            "bandwidth": 1000,
            "cpu": 1,
            "cpu_frequency": "3.3",
            "description": "",
            "description_short": "Cloud-30",
            "disk": 30720,
            "disk_type": "nvme",
            "id": "2449",
            "is_allowed_local_network": true,
            "location": "ru-1",
            "price": 400,
            "price_filter": [
              {
                "from": 300,
                "to": 500
              }
            ],
            "ram": 2048,
            "tags": [
              "cp",
              "discount35",
              "recommended_cp",
              "site"
            ]
          },
          "sensitive_attributes": []
        }
      ]
    },
    {
      "mode": "data",
      "type": "twc_ssh_keys",
      "name": "ssh_key",
      "provider": "provider[\"tf.timeweb.cloud/timeweb-cloud/timeweb-cloud\"]",
      "instances": [
        {
          "schema_version": 0,
          "attributes": {
            "body": "ssh-ed25519 AAAAC3NzaC1lZDI1NTE5AAAAILEi26OqTE8XStU3BuDcv2RWE9ia94jrWM5DSjGh7fXZ lexxv@lexxv-work-ava",
            "created_at": "2024-11-12T15:37:14.000Z",
            "id": "246467",
            "name": "lexxv@lexxv-work-sec-moment"
          },
          "sensitive_attributes": []
        }
      ]
    },
    {
      "mode": "managed",
      "type": "twc_project",
      "name": "lab7",
      "provider": "provider[\"tf.timeweb.cloud/timeweb-cloud/timeweb-cloud\"]",
      "instances": [
        {
          "schema_version": 0,
          "attributes": {
            "description": "Lab 7 project for security moment regular",
            "id": "1162733",
            "is_default": false,
            "name": "Lab 7 security moment regular"
          },
          "sensitive_attributes": [],
          "private": "bnVsbA=="
        }
      ]
    },
    {
      "mode": "managed",
      "type": "twc_server",
      "name": "server_1",
      "provider": "provider[\"tf.timeweb.cloud/timeweb-cloud/timeweb-cloud\"]",
      "instances": [
        {
          "schema_version": 0,
          "attributes": {
            "availability_zone": "spb-3",
            "avatar_id": "",
            "bandwidth": null,
            "boot_mode": "std",
            "cloud_init": null,
            "comment": "",
            "configuration": [],
            "configurator_id": 0,
            "cpu": 1,
            "cpu_frequency": "3.3",
            "disks": [
              {
                "id": 20329811,
                "is_mounted": true,
                "is_system": true,
                "size": 30720,
                "status": "done",
                "system_name": "vda",
                "type": "nvme",
                "used": 3475
              }
            ],
            "floating_ip_id": null,
            "id": "3787643",
            "image_id": null,
            "is_ddos_guard": false,
            "local_network": [],
            "location": "ru-1",
            "main_ipv4": "176.124.214.190",
            "name": "server",
            "networks": [
              {
                "bandwidth": 1000,
                "ips": [
                  {
                    "ip": "2a03:6f00:4::a44f",
                    "is_main": true,
                    "ptr": "",
                    "type": "ipv6"
                  },
                  {
                    "ip": "176.124.214.190",
                    "is_main": true,
                    "ptr": "",
                    "type": "ipv4"
                  }
                ],
                "is_ddos_guard": false,
                "nat_mode": "",
                "type": "public"
              }
            ],
            "os": [
              {
                "id": 79,
                "name": "ubuntu",
                "version": "22.04"
              }
            ],
            "os_id": 79,
            "preset_id": 2449,
            "project_id": 1162733,
            "ram": 2048,
            "software": [],
            "software_id": null,
            "source_server_id": null,
            "ssh_keys_ids": [
              246467
            ],
            "start_at": "2024-11-15T12:43:21.000Z",
            "status": "on",
            "vnc_pass": ""
          },
          "sensitive_attributes": [
            [
              {
                "type": "get_attr",
                "value": "vnc_pass"
              }
            ]
          ],
          "private": "bnVsbA==",
          "dependencies": [
            "data.twc_os.os",
            "data.twc_presets.preset",
            "data.twc_ssh_keys.ssh_key",
            "twc_project.lab7"
          ]
        }
      ]
    },
    {
      "mode": "managed",
      "type": "twc_server",
      "name": "server_2",
      "provider": "provider[\"tf.timeweb.cloud/timeweb-cloud/timeweb-cloud\"]",
      "instances": [
        {
          "schema_version": 0,
          "attributes": {
            "availability_zone": "spb-3",
            "avatar_id": "",
            "bandwidth": null,
            "boot_mode": "std",
            "cloud_init": null,
            "comment": "",
            "configuration": [],
            "configurator_id": 0,
            "cpu": 1,
            "cpu_frequency": "3.3",
            "disks": [
              {
                "id": 20329809,
                "is_mounted": true,
                "is_system": true,
                "size": 30720,
                "status": "done",
                "system_name": "vda",
                "type": "nvme",
                "used": 3638
              }
            ],
            "floating_ip_id": null,
            "id": "3787641",
            "image_id": null,
            "is_ddos_guard": false,
            "local_network": [],
            "location": "ru-1",
            "main_ipv4": "176.124.215.82",
            "name": "server",
            "networks": [
              {
                "bandwidth": 1000,
                "ips": [
                  {
                    "ip": "2a03:6f00:4::a44e",
                    "is_main": true,
                    "ptr": "",
                    "type": "ipv6"
                  },
                  {
                    "ip": "176.124.215.82",
                    "is_main": true,
                    "ptr": "",
                    "type": "ipv4"
                  }
                ],
                "is_ddos_guard": false,
                "nat_mode": "",
                "type": "public"
              }
            ],
            "os": [
              {
                "id": 79,
                "name": "ubuntu",
                "version": "22.04"
              }
            ],
            "os_id": 79,
            "preset_id": 2449,
            "project_id": 1162733,
            "ram": 2048,
            "software": [],
            "software_id": null,
            "source_server_id": null,
            "ssh_keys_ids": [
              246467
            ],
            "start_at": "2024-11-15T12:43:40.000Z",
            "status": "on",
            "vnc_pass": ""
          },
          "sensitive_attributes": [
            [
              {
                "type": "get_attr",
                "value": "vnc_pass"
              }
            ]
          ],
          "private": "bnVsbA==",
          "dependencies": [
            "data.twc_os.os",
            "data.twc_presets.preset",
            "data.twc_ssh_keys.ssh_key",
            "twc_project.lab7"
          ]
        }
      ]
    },
    {
      "mode": "managed",
      "type": "twc_server",
      "name": "server_3",
      "provider": "provider[\"tf.timeweb.cloud/timeweb-cloud/timeweb-cloud\"]",
      "instances": [
        {
          "schema_version": 0,
          "attributes": {
            "availability_zone": "spb-3",
            "avatar_id": "",
            "bandwidth": null,
            "boot_mode": "std",
            "cloud_init": null,
            "comment": "",
            "configuration": [],
            "configurator_id": 0,
            "cpu": 1,
            "cpu_frequency": "3.3",
            "disks": [
              {
                "id": 20329813,
                "is_mounted": true,
                "is_system": true,
                "size": 30720,
                "status": "done",
                "system_name": "vda",
                "type": "nvme",
                "used": 2890
              }
            ],
            "floating_ip_id": null,
            "id": "3787645",
            "image_id": null,
            "is_ddos_guard": false,
            "local_network": [],
            "location": "ru-1",
            "main_ipv4": "193.164.149.6",
            "name": "server",
            "networks": [
              {
                "bandwidth": 1000,
                "ips": [
                  {
                    "ip": "2a03:6f00:4::a450",
                    "is_main": true,
                    "ptr": "",
                    "type": "ipv6"
                  },
                  {
                    "ip": "193.164.149.6",
                    "is_main": true,
                    "ptr": "",
                    "type": "ipv4"
                  }
                ],
                "is_ddos_guard": false,
                "nat_mode": "",
                "type": "public"
              }
            ],
            "os": [
              {
                "id": 79,
                "name": "ubuntu",
                "version": "22.04"
              }
            ],
            "os_id": 79,
            "preset_id": 2449,
            "project_id": 1162733,
            "ram": 2048,
            "software": [],
            "software_id": null,
            "source_server_id": null,
            "ssh_keys_ids": [
              246467
            ],
            "start_at": "2024-11-15T12:43:42.000Z",
            "status": "on",
            "vnc_pass": ""
          },
          "sensitive_attributes": [
            [
              {
                "type": "get_attr",
                "value": "vnc_pass"
              }
            ]
          ],
          "private": "bnVsbA==",
          "dependencies": [
            "data.twc_os.os",
            "data.twc_presets.preset",
            "data.twc_ssh_keys.ssh_key",
            "twc_project.lab7"
          ]
        }
      ]
    },
    {
      "mode": "managed",
      "type": "twc_server_ip",
      "name": "ip_1",
      "provider": "provider[\"tf.timeweb.cloud/timeweb-cloud/timeweb-cloud\"]",
      "instances": [
        {
          "schema_version": 0,
          "attributes": {
            "id": "3787643-176.124.214.190",
            "ip": "176.124.214.190",
            "is_main": true,
            "ptr": "",
            "source_server_id": 3787643,
            "type": "ipv4"
          },
          "sensitive_attributes": [],
          "private": "bnVsbA==",
          "dependencies": [
            "data.twc_os.os",
            "data.twc_presets.preset",
            "data.twc_ssh_keys.ssh_key",
            "twc_project.lab7",
            "twc_server.server_1"
          ]
        }
      ]
    },
    {
      "mode": "managed",
      "type": "twc_server_ip",
      "name": "ip_2",
      "provider": "provider[\"tf.timeweb.cloud/timeweb-cloud/timeweb-cloud\"]",
      "instances": [
        {
          "schema_version": 0,
          "attributes": {
            "id": "3787641-176.124.215.82",
            "ip": "176.124.215.82",
            "is_main": true,
            "ptr": "",
            "source_server_id": 3787641,
            "type": "ipv4"
          },
          "sensitive_attributes": [],
          "private": "bnVsbA==",
          "dependencies": [
            "data.twc_os.os",
            "data.twc_presets.preset",
            "data.twc_ssh_keys.ssh_key",
            "twc_project.lab7",
            "twc_server.server_2"
          ]
        }
      ]
    },
    {
      "mode": "managed",
      "type": "twc_server_ip",
      "name": "ip_3",
      "provider": "provider[\"tf.timeweb.cloud/timeweb-cloud/timeweb-cloud\"]",
      "instances": [
        {
          "schema_version": 0,
          "attributes": {
            "id": "3787645-193.164.149.6",
            "ip": "193.164.149.6",
            "is_main": true,
            "ptr": "",
            "source_server_id": 3787645,
            "type": "ipv4"
          },
          "sensitive_attributes": [],
          "private": "bnVsbA==",
          "dependencies": [
            "data.twc_os.os",
            "data.twc_presets.preset",
            "data.twc_ssh_keys.ssh_key",
            "twc_project.lab7",
            "twc_server.server_3"
          ]
        }
      ]
    }
  ],
  "check_results": null
}
