{
  "version": 4,
  "terraform_version": "1.9.8",
  "serial": 19,
  "lineage": "09d7bae0-23f5-6eff-2a7f-35f4a48c3411",
  "outputs": {
    "ipv4_1": {
      "value": "92.63.177.76",
      "type": "string"
    },
    "ipv4_2": {
      "value": "188.225.38.155",
      "type": "string"
    },
    "ipv4_3": {
      "value": "92.63.177.21",
      "type": "string"
    },
    "ipv4_4": {
      "value": "89.223.65.153",
      "type": "string"
    },
    "ipv4_5": {
      "value": "91.222.236.235",
      "type": "string"
    },
    "ipv4_6": {
      "value": "188.225.38.229",
      "type": "string"
    },
    "ipv4_7": {
      "value": "92.63.177.200",
      "type": "string"
    }
  },
  "resources": [
    {
      "mode": "data",
      "type": "twc_os",
      "name": "os",
      "provider": "provider[\"tf.timeweb.cloud/timeweb-cloud/timeweb-cloud\"]",
      "instances": [
        {
          "schema_version": 0,
          "attributes": {
            "description": "",
            "family": "linux",
            "id": "79",
            "name": "ubuntu",
            "requirements": [
              {
                "bandwidth_min": 0,
                "cpu_min": 0,
                "disk_min": 0,
                "ram_min": 0
              }
            ],
            "version": "22.04",
            "version_codename": "jammy"
          },
          "sensitive_attributes": []
        }
      ]
    },
    {
      "mode": "data",
      "type": "twc_presets",
      "name": "preset",
      "provider": "provider[\"tf.timeweb.cloud/timeweb-cloud/timeweb-cloud\"]",
      "instances": [
        {
          "schema_version": 0,
          "attributes": {
            "bandwidth": 1000,
            "cpu": 1,
            "cpu_frequency": "3.3",
            "description": "",
            "description_short": "Cloud-30",
            "disk": 30720,
            "disk_type": "nvme",
            "id": "2449",
            "is_allowed_local_network": true,
            "location": "ru-1",
            "price": 400,
            "price_filter": [
              {
                "from": 300,
                "to": 500
              }
            ],
            "ram": 2048,
            "tags": [
              "cp",
              "discount35",
              "recommended_cp",
              "site"
            ]
          },
          "sensitive_attributes": []
        }
      ]
    },
    {
      "mode": "data",
      "type": "twc_ssh_keys",
      "name": "ssh_key",
      "provider": "provider[\"tf.timeweb.cloud/timeweb-cloud/timeweb-cloud\"]",
      "instances": [
        {
          "schema_version": 0,
          "attributes": {
            "body": "ssh-ed25519 AAAAC3NzaC1lZDI1NTE5AAAAILEi26OqTE8XStU3BuDcv2RWE9ia94jrWM5DSjGh7fXZ lexxv@lexxv-work-ava",
            "created_at": "2024-11-12T15:37:14.000Z",
            "id": "246467",
            "name": "lexxv@lexxv-work-sec-moment"
          },
          "sensitive_attributes": []
        }
      ]
    },
    {
      "mode": "managed",
      "type": "twc_project",
      "name": "lab7",
      "provider": "provider[\"tf.timeweb.cloud/timeweb-cloud/timeweb-cloud\"]",
      "instances": [
        {
          "schema_version": 0,
          "attributes": {
            "description": "Lab 7 project for security moment lb",
            "id": "1165041",
            "is_default": false,
            "name": "Lab 7 security moment lb"
          },
          "sensitive_attributes": [],
          "private": "bnVsbA=="
        }
      ]
    },
    {
      "mode": "managed",
      "type": "twc_server",
      "name": "server_1",
      "provider": "provider[\"tf.timeweb.cloud/timeweb-cloud/timeweb-cloud\"]",
      "instances": [
        {
          "schema_version": 0,
          "attributes": {
            "availability_zone": "spb-3",
            "avatar_id": "",
            "bandwidth": null,
            "boot_mode": "std",
            "cloud_init": null,
            "comment": "",
            "configuration": [],
            "configurator_id": 0,
            "cpu": 1,
            "cpu_frequency": "3.3",
            "disks": [
              {
                "id": 20335915,
                "is_mounted": true,
                "is_system": true,
                "size": 30720,
                "status": "done",
                "system_name": "vda",
                "type": "nvme",
                "used": 3377
              }
            ],
            "floating_ip_id": null,
            "id": "3793683",
            "image_id": null,
            "is_ddos_guard": false,
            "local_network": [],
            "location": "ru-1",
            "main_ipv4": "92.63.177.76",
            "name": "server",
            "networks": [
              {
                "bandwidth": 1000,
                "ips": [
                  {
                    "ip": "2a03:6f00:4::a6e3",
                    "is_main": true,
                    "ptr": "",
                    "type": "ipv6"
                  },
                  {
                    "ip": "92.63.177.76",
                    "is_main": true,
                    "ptr": "",
                    "type": "ipv4"
                  }
                ],
                "is_ddos_guard": false,
                "nat_mode": "",
                "type": "public"
              }
            ],
            "os": [
              {
                "id": 79,
                "name": "ubuntu",
                "version": "22.04"
              }
            ],
            "os_id": 79,
            "preset_id": 2449,
            "project_id": 1165041,
            "ram": 2048,
            "software": [],
            "software_id": null,
            "source_server_id": null,
            "ssh_keys_ids": [
              246467
            ],
            "start_at": "2024-11-16T20:57:08.000Z",
            "status": "on",
            "vnc_pass": ""
          },
          "sensitive_attributes": [
            [
              {
                "type": "get_attr",
                "value": "vnc_pass"
              }
            ]
          ],
          "private": "bnVsbA==",
          "dependencies": [
            "data.twc_os.os",
            "data.twc_presets.preset",
            "data.twc_ssh_keys.ssh_key",
            "twc_project.lab7"
          ]
        }
      ]
    },
    {
      "mode": "managed",
      "type": "twc_server",
      "name": "server_2",
      "provider": "provider[\"tf.timeweb.cloud/timeweb-cloud/timeweb-cloud\"]",
      "instances": [
        {
          "schema_version": 0,
          "attributes": {
            "availability_zone": "spb-3",
            "avatar_id": "",
            "bandwidth": null,
            "boot_mode": "std",
            "cloud_init": null,
            "comment": "",
            "configuration": [],
            "configurator_id": 0,
            "cpu": 1,
            "cpu_frequency": "3.3",
            "disks": [
              {
                "id": 20335919,
                "is_mounted": true,
                "is_system": true,
                "size": 30720,
                "status": "done",
                "system_name": "vda",
                "type": "nvme",
                "used": 3436
              }
            ],
            "floating_ip_id": null,
            "id": "3793687",
            "image_id": null,
            "is_ddos_guard": false,
            "local_network": [],
            "location": "ru-1",
            "main_ipv4": "188.225.38.155",
            "name": "server",
            "networks": [
              {
                "bandwidth": 1000,
                "ips": [
                  {
                    "ip": "2a03:6f00:4::a6e5",
                    "is_main": true,
                    "ptr": "",
                    "type": "ipv6"
                  },
                  {
                    "ip": "188.225.38.155",
                    "is_main": true,
                    "ptr": "",
                    "type": "ipv4"
                  }
                ],
                "is_ddos_guard": false,
                "nat_mode": "",
                "type": "public"
              }
            ],
            "os": [
              {
                "id": 79,
                "name": "ubuntu",
                "version": "22.04"
              }
            ],
            "os_id": 79,
            "preset_id": 2449,
            "project_id": 1165041,
            "ram": 2048,
            "software": [],
            "software_id": null,
            "source_server_id": null,
            "ssh_keys_ids": [
              246467
            ],
            "start_at": "2024-11-16T20:56:58.000Z",
            "status": "on",
            "vnc_pass": ""
          },
          "sensitive_attributes": [
            [
              {
                "type": "get_attr",
                "value": "vnc_pass"
              }
            ]
          ],
          "private": "bnVsbA==",
          "dependencies": [
            "data.twc_os.os",
            "data.twc_presets.preset",
            "data.twc_ssh_keys.ssh_key",
            "twc_project.lab7"
          ]
        }
      ]
    },
    {
      "mode": "managed",
      "type": "twc_server",
      "name": "server_3",
      "provider": "provider[\"tf.timeweb.cloud/timeweb-cloud/timeweb-cloud\"]",
      "instances": [
        {
          "schema_version": 0,
          "attributes": {
            "availability_zone": "spb-3",
            "avatar_id": "",
            "bandwidth": null,
            "boot_mode": "std",
            "cloud_init": null,
            "comment": "",
            "configuration": [],
            "configurator_id": 0,
            "cpu": 1,
            "cpu_frequency": "3.3",
            "disks": [
              {
                "id": 20335923,
                "is_mounted": true,
                "is_system": true,
                "size": 30720,
                "status": "done",
                "system_name": "vda",
                "type": "nvme",
                "used": 3425
              }
            ],
            "floating_ip_id": null,
            "id": "3793691",
            "image_id": null,
            "is_ddos_guard": false,
            "local_network": [],
            "location": "ru-1",
            "main_ipv4": "92.63.177.21",
            "name": "server",
            "networks": [
              {
                "bandwidth": 1000,
                "ips": [
                  {
                    "ip": "2a03:6f00:4::a6e6",
                    "is_main": true,
                    "ptr": "",
                    "type": "ipv6"
                  },
                  {
                    "ip": "92.63.177.21",
                    "is_main": true,
                    "ptr": "",
                    "type": "ipv4"
                  }
                ],
                "is_ddos_guard": false,
                "nat_mode": "",
                "type": "public"
              }
            ],
            "os": [
              {
                "id": 79,
                "name": "ubuntu",
                "version": "22.04"
              }
            ],
            "os_id": 79,
            "preset_id": 2449,
            "project_id": 1165041,
            "ram": 2048,
            "software": [],
            "software_id": null,
            "source_server_id": null,
            "ssh_keys_ids": [
              246467
            ],
            "start_at": "2024-11-16T20:56:58.000Z",
            "status": "on",
            "vnc_pass": ""
          },
          "sensitive_attributes": [
            [
              {
                "type": "get_attr",
                "value": "vnc_pass"
              }
            ]
          ],
          "private": "bnVsbA==",
          "dependencies": [
            "data.twc_os.os",
            "data.twc_presets.preset",
            "data.twc_ssh_keys.ssh_key",
            "twc_project.lab7"
          ]
        }
      ]
    },
    {
      "mode": "managed",
      "type": "twc_server",
      "name": "server_4",
      "provider": "provider[\"tf.timeweb.cloud/timeweb-cloud/timeweb-cloud\"]",
      "instances": [
        {
          "schema_version": 0,
          "attributes": {
            "availability_zone": "spb-3",
            "avatar_id": "",
            "bandwidth": null,
            "boot_mode": "std",
            "cloud_init": null,
            "comment": "",
            "configuration": [],
            "configurator_id": 0,
            "cpu": 1,
            "cpu_frequency": "3.3",
            "disks": [
              {
                "id": 20335925,
                "is_mounted": true,
                "is_system": true,
                "size": 30720,
                "status": "done",
                "system_name": "vda",
                "type": "nvme",
                "used": 3417
              }
            ],
            "floating_ip_id": null,
            "id": "3793693",
            "image_id": null,
            "is_ddos_guard": false,
            "local_network": [],
            "location": "ru-1",
            "main_ipv4": "89.223.65.153",
            "name": "server",
            "networks": [
              {
                "bandwidth": 1000,
                "ips": [
                  {
                    "ip": "2a03:6f00:4::a6e7",
                    "is_main": true,
                    "ptr": "",
                    "type": "ipv6"
                  },
                  {
                    "ip": "89.223.65.153",
                    "is_main": true,
                    "ptr": "",
                    "type": "ipv4"
                  }
                ],
                "is_ddos_guard": false,
                "nat_mode": "",
                "type": "public"
              }
            ],
            "os": [
              {
                "id": 79,
                "name": "ubuntu",
                "version": "22.04"
              }
            ],
            "os_id": 79,
            "preset_id": 2449,
            "project_id": 1165041,
            "ram": 2048,
            "software": [],
            "software_id": null,
            "source_server_id": null,
            "ssh_keys_ids": [
              246467
            ],
            "start_at": "2024-11-16T20:56:47.000Z",
            "status": "on",
            "vnc_pass": ""
          },
          "sensitive_attributes": [
            [
              {
                "type": "get_attr",
                "value": "vnc_pass"
              }
            ]
          ],
          "private": "bnVsbA==",
          "dependencies": [
            "data.twc_os.os",
            "data.twc_presets.preset",
            "data.twc_ssh_keys.ssh_key",
            "twc_project.lab7"
          ]
        }
      ]
    },
    {
      "mode": "managed",
      "type": "twc_server",
      "name": "server_5",
      "provider": "provider[\"tf.timeweb.cloud/timeweb-cloud/timeweb-cloud\"]",
      "instances": [
        {
          "schema_version": 0,
          "attributes": {
            "availability_zone": "spb-3",
            "avatar_id": "",
            "bandwidth": null,
            "boot_mode": "std",
            "cloud_init": null,
            "comment": "",
            "configuration": [],
            "configurator_id": 0,
            "cpu": 1,
            "cpu_frequency": "3.3",
            "disks": [
              {
                "id": 20335921,
                "is_mounted": true,
                "is_system": true,
                "size": 30720,
                "status": "done",
                "system_name": "vda",
                "type": "nvme",
                "used": 2787
              }
            ],
            "floating_ip_id": null,
            "id": "3793689",
            "image_id": null,
            "is_ddos_guard": false,
            "local_network": [],
            "location": "ru-1",
            "main_ipv4": "91.222.236.235",
            "name": "server",
            "networks": [
              {
                "bandwidth": 1000,
                "ips": [
                  {
                    "ip": "2a03:6f00:4::a6e4",
                    "is_main": true,
                    "ptr": "",
                    "type": "ipv6"
                  },
                  {
                    "ip": "91.222.236.235",
                    "is_main": true,
                    "ptr": "",
                    "type": "ipv4"
                  }
                ],
                "is_ddos_guard": false,
                "nat_mode": "",
                "type": "public"
              }
            ],
            "os": [
              {
                "id": 79,
                "name": "ubuntu",
                "version": "22.04"
              }
            ],
            "os_id": 79,
            "preset_id": 2449,
            "project_id": 1165041,
            "ram": 2048,
            "software": [],
            "software_id": null,
            "source_server_id": null,
            "ssh_keys_ids": [
              246467
            ],
            "start_at": "2024-11-16T20:56:49.000Z",
            "status": "on",
            "vnc_pass": ""
          },
          "sensitive_attributes": [
            [
              {
                "type": "get_attr",
                "value": "vnc_pass"
              }
            ]
          ],
          "private": "bnVsbA==",
          "dependencies": [
            "data.twc_os.os",
            "data.twc_presets.preset",
            "data.twc_ssh_keys.ssh_key",
            "twc_project.lab7"
          ]
        }
      ]
    },
    {
      "mode": "managed",
      "type": "twc_server",
      "name": "server_6",
      "provider": "provider[\"tf.timeweb.cloud/timeweb-cloud/timeweb-cloud\"]",
      "instances": [
        {
          "schema_version": 0,
          "attributes": {
            "availability_zone": "spb-3",
            "avatar_id": "",
            "bandwidth": null,
            "boot_mode": "std",
            "cloud_init": null,
            "comment": "",
            "configuration": [],
            "configurator_id": 0,
            "cpu": 1,
            "cpu_frequency": "3.3",
            "disks": [
              {
                "id": 20335913,
                "is_mounted": true,
                "is_system": true,
                "size": 30720,
                "status": "done",
                "system_name": "vda",
                "type": "nvme",
                "used": 2986
              }
            ],
            "floating_ip_id": null,
            "id": "3793681",
            "image_id": null,
            "is_ddos_guard": false,
            "local_network": [],
            "location": "ru-1",
            "main_ipv4": "188.225.38.229",
            "name": "server",
            "networks": [
              {
                "bandwidth": 1000,
                "ips": [
                  {
                    "ip": "2a03:6f00:4::a6e1",
                    "is_main": true,
                    "ptr": "",
                    "type": "ipv6"
                  },
                  {
                    "ip": "188.225.38.229",
                    "is_main": true,
                    "ptr": "",
                    "type": "ipv4"
                  }
                ],
                "is_ddos_guard": false,
                "nat_mode": "",
                "type": "public"
              }
            ],
            "os": [
              {
                "id": 79,
                "name": "ubuntu",
                "version": "22.04"
              }
            ],
            "os_id": 79,
            "preset_id": 2449,
            "project_id": 1165041,
            "ram": 2048,
            "software": [],
            "software_id": null,
            "source_server_id": null,
            "ssh_keys_ids": [
              246467
            ],
            "start_at": "2024-11-16T20:56:59.000Z",
            "status": "on",
            "vnc_pass": ""
          },
          "sensitive_attributes": [
            [
              {
                "type": "get_attr",
                "value": "vnc_pass"
              }
            ]
          ],
          "private": "bnVsbA==",
          "dependencies": [
            "data.twc_os.os",
            "data.twc_presets.preset",
            "data.twc_ssh_keys.ssh_key",
            "twc_project.lab7"
          ]
        }
      ]
    },
    {
      "mode": "managed",
      "type": "twc_server",
      "name": "server_7",
      "provider": "provider[\"tf.timeweb.cloud/timeweb-cloud/timeweb-cloud\"]",
      "instances": [
        {
          "schema_version": 0,
          "attributes": {
            "availability_zone": "spb-3",
            "avatar_id": "",
            "bandwidth": null,
            "boot_mode": "std",
            "cloud_init": null,
            "comment": "",
            "configuration": [],
            "configurator_id": 0,
            "cpu": 1,
            "cpu_frequency": "3.3",
            "disks": [
              {
                "id": 20335917,
                "is_mounted": true,
                "is_system": true,
                "size": 30720,
                "status": "done",
                "system_name": "vda",
                "type": "nvme",
                "used": 2788
              }
            ],
            "floating_ip_id": null,
            "id": "3793685",
            "image_id": null,
            "is_ddos_guard": false,
            "local_network": [],
            "location": "ru-1",
            "main_ipv4": "92.63.177.200",
            "name": "server",
            "networks": [
              {
                "bandwidth": 1000,
                "ips": [
                  {
                    "ip": "2a03:6f00:4::a6e2",
                    "is_main": true,
                    "ptr": "",
                    "type": "ipv6"
                  },
                  {
                    "ip": "92.63.177.200",
                    "is_main": true,
                    "ptr": "",
                    "type": "ipv4"
                  }
                ],
                "is_ddos_guard": false,
                "nat_mode": "",
                "type": "public"
              }
            ],
            "os": [
              {
                "id": 79,
                "name": "ubuntu",
                "version": "22.04"
              }
            ],
            "os_id": 79,
            "preset_id": 2449,
            "project_id": 1165041,
            "ram": 2048,
            "software": [],
            "software_id": null,
            "source_server_id": null,
            "ssh_keys_ids": [
              246467
            ],
            "start_at": "2024-11-16T20:57:29.000Z",
            "status": "on",
            "vnc_pass": ""
          },
          "sensitive_attributes": [
            [
              {
                "type": "get_attr",
                "value": "vnc_pass"
              }
            ]
          ],
          "private": "bnVsbA==",
          "dependencies": [
            "data.twc_os.os",
            "data.twc_presets.preset",
            "data.twc_ssh_keys.ssh_key",
            "twc_project.lab7"
          ]
        }
      ]
    },
    {
      "mode": "managed",
      "type": "twc_server_ip",
      "name": "ip_1",
      "provider": "provider[\"tf.timeweb.cloud/timeweb-cloud/timeweb-cloud\"]",
      "instances": [
        {
          "schema_version": 0,
          "attributes": {
            "id": "3793683-92.63.177.76",
            "ip": "92.63.177.76",
            "is_main": true,
            "ptr": "",
            "source_server_id": 3793683,
            "type": "ipv4"
          },
          "sensitive_attributes": [],
          "private": "bnVsbA==",
          "dependencies": [
            "data.twc_os.os",
            "data.twc_presets.preset",
            "data.twc_ssh_keys.ssh_key",
            "twc_project.lab7",
            "twc_server.server_1"
          ]
        }
      ]
    },
    {
      "mode": "managed",
      "type": "twc_server_ip",
      "name": "ip_2",
      "provider": "provider[\"tf.timeweb.cloud/timeweb-cloud/timeweb-cloud\"]",
      "instances": [
        {
          "schema_version": 0,
          "attributes": {
            "id": "3793687-188.225.38.155",
            "ip": "188.225.38.155",
            "is_main": true,
            "ptr": "",
            "source_server_id": 3793687,
            "type": "ipv4"
          },
          "sensitive_attributes": [],
          "private": "bnVsbA==",
          "dependencies": [
            "data.twc_os.os",
            "data.twc_presets.preset",
            "data.twc_ssh_keys.ssh_key",
            "twc_project.lab7",
            "twc_server.server_2"
          ]
        }
      ]
    },
    {
      "mode": "managed",
      "type": "twc_server_ip",
      "name": "ip_3",
      "provider": "provider[\"tf.timeweb.cloud/timeweb-cloud/timeweb-cloud\"]",
      "instances": [
        {
          "schema_version": 0,
          "attributes": {
            "id": "3793691-92.63.177.21",
            "ip": "92.63.177.21",
            "is_main": true,
            "ptr": "",
            "source_server_id": 3793691,
            "type": "ipv4"
          },
          "sensitive_attributes": [],
          "private": "bnVsbA==",
          "dependencies": [
            "data.twc_os.os",
            "data.twc_presets.preset",
            "data.twc_ssh_keys.ssh_key",
            "twc_project.lab7",
            "twc_server.server_3"
          ]
        }
      ]
    },
    {
      "mode": "managed",
      "type": "twc_server_ip",
      "name": "ip_4",
      "provider": "provider[\"tf.timeweb.cloud/timeweb-cloud/timeweb-cloud\"]",
      "instances": [
        {
          "schema_version": 0,
          "attributes": {
            "id": "3793693-89.223.65.153",
            "ip": "89.223.65.153",
            "is_main": true,
            "ptr": "",
            "source_server_id": 3793693,
            "type": "ipv4"
          },
          "sensitive_attributes": [],
          "private": "bnVsbA==",
          "dependencies": [
            "data.twc_os.os",
            "data.twc_presets.preset",
            "data.twc_ssh_keys.ssh_key",
            "twc_project.lab7",
            "twc_server.server_4"
          ]
        }
      ]
    },
    {
      "mode": "managed",
      "type": "twc_server_ip",
      "name": "ip_5",
      "provider": "provider[\"tf.timeweb.cloud/timeweb-cloud/timeweb-cloud\"]",
      "instances": [
        {
          "schema_version": 0,
          "attributes": {
            "id": "3793689-91.222.236.235",
            "ip": "91.222.236.235",
            "is_main": true,
            "ptr": "",
            "source_server_id": 3793689,
            "type": "ipv4"
          },
          "sensitive_attributes": [],
          "private": "bnVsbA==",
          "dependencies": [
            "data.twc_os.os",
            "data.twc_presets.preset",
            "data.twc_ssh_keys.ssh_key",
            "twc_project.lab7",
            "twc_server.server_5"
          ]
        }
      ]
    },
    {
      "mode": "managed",
      "type": "twc_server_ip",
      "name": "ip_6",
      "provider": "provider[\"tf.timeweb.cloud/timeweb-cloud/timeweb-cloud\"]",
      "instances": [
        {
          "schema_version": 0,
          "attributes": {
            "id": "3793681-188.225.38.229",
            "ip": "188.225.38.229",
            "is_main": true,
            "ptr": "",
            "source_server_id": 3793681,
            "type": "ipv4"
          },
          "sensitive_attributes": [],
          "private": "bnVsbA==",
          "dependencies": [
            "data.twc_os.os",
            "data.twc_presets.preset",
            "data.twc_ssh_keys.ssh_key",
            "twc_project.lab7",
            "twc_server.server_6"
          ]
        }
      ]
    },
    {
      "mode": "managed",
      "type": "twc_server_ip",
      "name": "ip_7",
      "provider": "provider[\"tf.timeweb.cloud/timeweb-cloud/timeweb-cloud\"]",
      "instances": [
        {
          "schema_version": 0,
          "attributes": {
            "id": "3793685-92.63.177.200",
            "ip": "92.63.177.200",
            "is_main": true,
            "ptr": "",
            "source_server_id": 3793685,
            "type": "ipv4"
          },
          "sensitive_attributes": [],
          "private": "bnVsbA==",
          "dependencies": [
            "data.twc_os.os",
            "data.twc_presets.preset",
            "data.twc_ssh_keys.ssh_key",
            "twc_project.lab7",
            "twc_server.server_7"
          ]
        }
      ]
    }
  ],
  "check_results": null
}
