{
  "version": 4,
  "terraform_version": "1.9.8",
  "serial": 107,
  "lineage": "728227fc-9bc0-6b3c-25f8-0555525a0702",
  "outputs": {
    "ipv4_1": {
      "value": "188.225.25.203",
      "type": "string"
    },
    "ipv4_2": {
      "value": "213.171.10.121",
      "type": "string"
    }
  },
  "resources": [
    {
      "mode": "data",
      "type": "twc_dns_zone",
      "name": "dnz_zone",
      "provider": "provider[\"tf.timeweb.cloud/timeweb-cloud/timeweb-cloud\"]",
      "instances": [
        {
          "schema_version": 0,
          "attributes": {
            "id": "16878733-lab9.tw1.ru",
            "name": "lab9.tw1.ru"
          },
          "sensitive_attributes": []
        }
      ]
    },
    {
      "mode": "data",
      "type": "twc_dns_zone",
      "name": "dnz_zone_2",
      "provider": "provider[\"tf.timeweb.cloud/timeweb-cloud/timeweb-cloud\"]",
      "instances": [
        {
          "schema_version": 0,
          "attributes": {
            "id": "16881085-lab9-2.tw1.ru",
            "name": "lab9-2.tw1.ru"
          },
          "sensitive_attributes": []
        }
      ]
    },
    {
      "mode": "data",
      "type": "twc_os",
      "name": "os",
      "provider": "provider[\"tf.timeweb.cloud/timeweb-cloud/timeweb-cloud\"]",
      "instances": [
        {
          "schema_version": 0,
          "attributes": {
            "description": "",
            "family": "linux",
            "id": "79",
            "name": "ubuntu",
            "requirements": [
              {
                "bandwidth_min": 0,
                "cpu_min": 0,
                "disk_min": 0,
                "ram_min": 0
              }
            ],
            "version": "22.04",
            "version_codename": "jammy"
          },
          "sensitive_attributes": []
        }
      ]
    },
    {
      "mode": "data",
      "type": "twc_presets",
      "name": "preset",
      "provider": "provider[\"tf.timeweb.cloud/timeweb-cloud/timeweb-cloud\"]",
      "instances": [
        {
          "schema_version": 0,
          "attributes": {
            "bandwidth": 1000,
            "cpu": 4,
            "cpu_frequency": "3.3",
            "description": "",
            "description_short": "Cloud-80",
            "disk": 81920,
            "disk_type": "nvme",
            "id": "2455",
            "is_allowed_local_network": true,
            "location": "ru-1",
            "price": 1500,
            "price_filter": [
              {
                "from": 1200,
                "to": 2400
              }
            ],
            "ram": 8192,
            "tags": [
              "cp",
              "discount35",
              "nvme_timeweb_choice",
              "site"
            ]
          },
          "sensitive_attributes": []
        }
      ]
    },
    {
      "mode": "data",
      "type": "twc_ssh_keys",
      "name": "ssh_key",
      "provider": "provider[\"tf.timeweb.cloud/timeweb-cloud/timeweb-cloud\"]",
      "instances": [
        {
          "schema_version": 0,
          "attributes": {
            "body": "ssh-ed25519 AAAAC3NzaC1lZDI1NTE5AAAAILEi26OqTE8XStU3BuDcv2RWE9ia94jrWM5DSjGh7fXZ lexxv@lexxv-work-ava",
            "created_at": "2024-11-12T15:37:14.000Z",
            "id": "246467",
            "name": "lexxv@lexxv-work-sec-moment"
          },
          "sensitive_attributes": []
        }
      ]
    },
    {
      "mode": "managed",
      "type": "twc_dns_rr",
      "name": "attacker-record",
      "provider": "provider[\"tf.timeweb.cloud/timeweb-cloud/timeweb-cloud\"]",
      "instances": [
        {
          "schema_version": 0,
          "attributes": {
            "id": "61553863",
            "name": "attacker",
            "type": "A",
            "value": "188.225.25.203",
            "zone_id": "16878733-lab9.tw1.ru"
          },
          "sensitive_attributes": [],
          "private": "bnVsbA==",
          "dependencies": [
            "data.twc_dns_zone.dnz_zone",
            "data.twc_os.os",
            "data.twc_presets.preset",
            "data.twc_ssh_keys.ssh_key",
            "twc_project.lab9",
            "twc_server.server_1",
            "twc_server_ip.ip_1"
          ]
        }
      ]
    },
    {
      "mode": "managed",
      "type": "twc_dns_rr",
      "name": "defender-record",
      "provider": "provider[\"tf.timeweb.cloud/timeweb-cloud/timeweb-cloud\"]",
      "instances": [
        {
          "schema_version": 0,
          "attributes": {
            "id": "61562929",
            "name": "defender",
            "type": "A",
            "value": "213.171.10.121",
            "zone_id": "16881085-lab9-2.tw1.ru"
          },
          "sensitive_attributes": [],
          "private": "bnVsbA==",
          "dependencies": [
            "data.twc_dns_zone.dnz_zone_2",
            "data.twc_os.os",
            "data.twc_presets.preset",
            "data.twc_ssh_keys.ssh_key",
            "twc_project.lab9",
            "twc_server.server_2",
            "twc_server_ip.ip_2"
          ]
        }
      ]
    },
    {
      "mode": "managed",
      "type": "twc_dns_rr",
      "name": "mail-attacker-record",
      "provider": "provider[\"tf.timeweb.cloud/timeweb-cloud/timeweb-cloud\"]",
      "instances": [
        {
          "schema_version": 0,
          "attributes": {
            "id": "61554621",
            "name": "mail.attacker",
            "type": "A",
            "value": "188.225.25.203",
            "zone_id": "16878733-lab9.tw1.ru"
          },
          "sensitive_attributes": [],
          "private": "bnVsbA==",
          "dependencies": [
            "data.twc_dns_zone.dnz_zone",
            "data.twc_os.os",
            "data.twc_presets.preset",
            "data.twc_ssh_keys.ssh_key",
            "twc_project.lab9",
            "twc_server.server_1",
            "twc_server_ip.ip_1"
          ]
        }
      ]
    },
    {
      "mode": "managed",
      "type": "twc_dns_rr",
      "name": "mail-attacker-record-autoconfig",
      "provider": "provider[\"tf.timeweb.cloud/timeweb-cloud/timeweb-cloud\"]",
      "instances": [
        {
          "schema_version": 0,
          "attributes": {
            "id": "61554775",
            "name": "autoconfig",
            "type": "CNAME",
            "value": "mail.attacker.lab9.tw1.ru",
            "zone_id": "16878733-lab9.tw1.ru"
          },
          "sensitive_attributes": [],
          "private": "bnVsbA==",
          "dependencies": [
            "data.twc_dns_zone.dnz_zone"
          ]
        }
      ]
    },
    {
      "mode": "managed",
      "type": "twc_dns_rr",
      "name": "mail-attacker-record-autodiscover",
      "provider": "provider[\"tf.timeweb.cloud/timeweb-cloud/timeweb-cloud\"]",
      "instances": [
        {
          "schema_version": 0,
          "attributes": {
            "id": "61554779",
            "name": "autodiscover",
            "type": "CNAME",
            "value": "mail.attacker.lab9.tw1.ru",
            "zone_id": "16878733-lab9.tw1.ru"
          },
          "sensitive_attributes": [],
          "private": "bnVsbA==",
          "dependencies": [
            "data.twc_dns_zone.dnz_zone"
          ]
        }
      ]
    },
    {
      "mode": "managed",
      "type": "twc_dns_rr",
      "name": "mail-attacker-record-mx",
      "provider": "provider[\"tf.timeweb.cloud/timeweb-cloud/timeweb-cloud\"]",
      "instances": [
        {
          "schema_version": 0,
          "attributes": {
            "id": "61554767",
            "name": "@",
            "type": "MX",
            "value": "10 mail.attacker.lab9.tw1.ru",
            "zone_id": "16878733-lab9.tw1.ru"
          },
          "sensitive_attributes": [],
          "private": "bnVsbA==",
          "dependencies": [
            "data.twc_dns_zone.dnz_zone"
          ]
        }
      ]
    },
    {
      "mode": "managed",
      "type": "twc_dns_rr",
      "name": "mail-defender-record",
      "provider": "provider[\"tf.timeweb.cloud/timeweb-cloud/timeweb-cloud\"]",
      "instances": [
        {
          "schema_version": 0,
          "attributes": {
            "id": "61562135",
            "name": "mail.defender",
            "type": "A",
            "value": "213.171.10.121",
            "zone_id": "16881085-lab9-2.tw1.ru"
          },
          "sensitive_attributes": [],
          "private": "bnVsbA==",
          "dependencies": [
            "data.twc_dns_zone.dnz_zone_2",
            "data.twc_os.os",
            "data.twc_presets.preset",
            "data.twc_ssh_keys.ssh_key",
            "twc_project.lab9",
            "twc_server.server_2",
            "twc_server_ip.ip_2"
          ]
        }
      ]
    },
    {
      "mode": "managed",
      "type": "twc_dns_rr",
      "name": "mail-defender-record-autoconfig",
      "provider": "provider[\"tf.timeweb.cloud/timeweb-cloud/timeweb-cloud\"]",
      "instances": [
        {
          "schema_version": 0,
          "attributes": {
            "id": "61562127",
            "name": "autoconfig",
            "type": "CNAME",
            "value": "mail.defender.lab9-2.tw1.ru",
            "zone_id": "16881085-lab9-2.tw1.ru"
          },
          "sensitive_attributes": [],
          "private": "bnVsbA==",
          "dependencies": [
            "data.twc_dns_zone.dnz_zone_2"
          ]
        }
      ]
    },
    {
      "mode": "managed",
      "type": "twc_dns_rr",
      "name": "mail-defender-record-autodiscover",
      "provider": "provider[\"tf.timeweb.cloud/timeweb-cloud/timeweb-cloud\"]",
      "instances": [
        {
          "schema_version": 0,
          "attributes": {
            "id": "61562129",
            "name": "autodiscover",
            "type": "CNAME",
            "value": "mail.defender.lab9-2.tw1.ru",
            "zone_id": "16881085-lab9-2.tw1.ru"
          },
          "sensitive_attributes": [],
          "private": "bnVsbA==",
          "dependencies": [
            "data.twc_dns_zone.dnz_zone_2"
          ]
        }
      ]
    },
    {
      "mode": "managed",
      "type": "twc_dns_rr",
      "name": "mail-defender-record-mx",
      "provider": "provider[\"tf.timeweb.cloud/timeweb-cloud/timeweb-cloud\"]",
      "instances": [
        {
          "schema_version": 0,
          "attributes": {
            "id": "61562117",
            "name": "@",
            "type": "MX",
            "value": "10 mail.defender.lab9-2.tw1.ru",
            "zone_id": "16881085-lab9-2.tw1.ru"
          },
          "sensitive_attributes": [],
          "private": "bnVsbA==",
          "dependencies": [
            "data.twc_dns_zone.dnz_zone_2"
          ]
        }
      ]
    },
    {
      "mode": "managed",
      "type": "twc_project",
      "name": "lab9",
      "provider": "provider[\"tf.timeweb.cloud/timeweb-cloud/timeweb-cloud\"]",
      "instances": [
        {
          "schema_version": 0,
          "attributes": {
            "description": "Lab 9 project for security moment",
            "id": "1170807",
            "is_default": false,
            "name": "Lab 9 security moment"
          },
          "sensitive_attributes": [],
          "private": "bnVsbA=="
        }
      ]
    },
    {
      "mode": "managed",
      "type": "twc_server",
      "name": "server_1",
      "provider": "provider[\"tf.timeweb.cloud/timeweb-cloud/timeweb-cloud\"]",
      "instances": [
        {
          "schema_version": 0,
          "attributes": {
            "availability_zone": "spb-3",
            "avatar_id": "",
            "bandwidth": null,
            "boot_mode": "std",
            "cloud_init": null,
            "comment": "",
            "configuration": [],
            "configurator_id": 0,
            "cpu": 4,
            "cpu_frequency": "3.3",
            "disks": [
              {
                "id": 20350073,
                "is_mounted": true,
                "is_system": true,
                "size": 81920,
                "status": "done",
                "system_name": "vda",
                "type": "nvme",
                "used": 6598
              }
            ],
            "floating_ip_id": null,
            "id": "3807649",
            "image_id": null,
            "is_ddos_guard": false,
            "local_network": [],
            "location": "ru-1",
            "main_ipv4": "188.225.25.203",
            "name": "server",
            "networks": [
              {
                "bandwidth": 1000,
                "ips": [
                  {
                    "ip": "2a03:6f00:4::6bc5",
                    "is_main": true,
                    "ptr": "",
                    "type": "ipv6"
                  },
                  {
                    "ip": "188.225.25.203",
                    "is_main": true,
                    "ptr": "mail.attacker.lab9.tw1.ru",
                    "type": "ipv4"
                  }
                ],
                "is_ddos_guard": false,
                "nat_mode": "",
                "type": "public"
              }
            ],
            "os": [
              {
                "id": 79,
                "name": "ubuntu",
                "version": "22.04"
              }
            ],
            "os_id": 79,
            "preset_id": 2455,
            "project_id": 1170807,
            "ram": 8192,
            "software": [],
            "software_id": null,
            "source_server_id": null,
            "ssh_keys_ids": [
              246467
            ],
            "start_at": "2024-11-19T20:06:07.000Z",
            "status": "on",
            "vnc_pass": ""
          },
          "sensitive_attributes": [
            [
              {
                "type": "get_attr",
                "value": "vnc_pass"
              }
            ]
          ],
          "private": "bnVsbA==",
          "dependencies": [
            "data.twc_os.os",
            "data.twc_presets.preset",
            "data.twc_ssh_keys.ssh_key",
            "twc_project.lab9"
          ]
        }
      ]
    },
    {
      "mode": "managed",
      "type": "twc_server",
      "name": "server_2",
      "provider": "provider[\"tf.timeweb.cloud/timeweb-cloud/timeweb-cloud\"]",
      "instances": [
        {
          "schema_version": 0,
          "attributes": {
            "availability_zone": "spb-3",
            "avatar_id": "",
            "bandwidth": null,
            "boot_mode": "std",
            "cloud_init": null,
            "comment": "",
            "configuration": [],
            "configurator_id": 0,
            "cpu": 4,
            "cpu_frequency": "3.3",
            "disks": [
              {
                "id": 20350071,
                "is_mounted": true,
                "is_system": true,
                "size": 81920,
                "status": "done",
                "system_name": "vda",
                "type": "nvme",
                "used": 7928
              }
            ],
            "floating_ip_id": null,
            "id": "3807647",
            "image_id": null,
            "is_ddos_guard": false,
            "local_network": [],
            "location": "ru-1",
            "main_ipv4": "213.171.10.121",
            "name": "server",
            "networks": [
              {
                "bandwidth": 1000,
                "ips": [
                  {
                    "ip": "2a03:6f00:4::6bd8",
                    "is_main": true,
                    "ptr": "",
                    "type": "ipv6"
                  },
                  {
                    "ip": "213.171.10.121",
                    "is_main": true,
                    "ptr": "mail.defender.lab9-2.tw1.ru",
                    "type": "ipv4"
                  }
                ],
                "is_ddos_guard": false,
                "nat_mode": "",
                "type": "public"
              }
            ],
            "os": [
              {
                "id": 79,
                "name": "ubuntu",
                "version": "22.04"
              }
            ],
            "os_id": 79,
            "preset_id": 2455,
            "project_id": 1170807,
            "ram": 8192,
            "software": [],
            "software_id": null,
            "source_server_id": null,
            "ssh_keys_ids": [
              246467
            ],
            "start_at": "2024-11-19T20:08:16.000Z",
            "status": "on",
            "vnc_pass": ""
          },
          "sensitive_attributes": [
            [
              {
                "type": "get_attr",
                "value": "vnc_pass"
              }
            ]
          ],
          "private": "bnVsbA==",
          "dependencies": [
            "data.twc_os.os",
            "data.twc_presets.preset",
            "data.twc_ssh_keys.ssh_key",
            "twc_project.lab9"
          ]
        }
      ]
    },
    {
      "mode": "managed",
      "type": "twc_server_ip",
      "name": "ip_1",
      "provider": "provider[\"tf.timeweb.cloud/timeweb-cloud/timeweb-cloud\"]",
      "instances": [
        {
          "schema_version": 0,
          "attributes": {
            "id": "3807649-188.225.25.203",
            "ip": "188.225.25.203",
            "is_main": true,
            "ptr": "mail.attacker.lab9.tw1.ru",
            "source_server_id": 3807649,
            "type": "ipv4"
          },
          "sensitive_attributes": [],
          "private": "bnVsbA==",
          "dependencies": [
            "data.twc_dns_zone.dnz_zone",
            "data.twc_os.os",
            "data.twc_presets.preset",
            "data.twc_ssh_keys.ssh_key",
            "twc_project.lab9",
            "twc_server.server_1"
          ]
        }
      ]
    },
    {
      "mode": "managed",
      "type": "twc_server_ip",
      "name": "ip_2",
      "provider": "provider[\"tf.timeweb.cloud/timeweb-cloud/timeweb-cloud\"]",
      "instances": [
        {
          "schema_version": 0,
          "attributes": {
            "id": "3807647-213.171.10.121",
            "ip": "213.171.10.121",
            "is_main": true,
            "ptr": "mail.defender.lab9-2.tw1.ru",
            "source_server_id": 3807647,
            "type": "ipv4"
          },
          "sensitive_attributes": [],
          "private": "bnVsbA==",
          "dependencies": [
            "data.twc_dns_zone.dnz_zone_2",
            "data.twc_os.os",
            "data.twc_presets.preset",
            "data.twc_ssh_keys.ssh_key",
            "twc_project.lab9",
            "twc_server.server_2"
          ]
        }
      ]
    }
  ],
  "check_results": null
}
