{
  "version": 4,
  "terraform_version": "1.9.8",
  "serial": 9,
  "lineage": "0a9d25c0-2a8d-c81f-3176-85a8ed8bc446",
  "outputs": {
    "ipv4": {
      "value": "77.232.129.99",
      "type": "string"
    },
    "pass": {
      "value": "",
      "type": "string"
    }
  },
  "resources": [
    {
      "mode": "data",
      "type": "twc_os",
      "name": "os",
      "provider": "provider[\"tf.timeweb.cloud/timeweb-cloud/timeweb-cloud\"]",
      "instances": [
        {
          "schema_version": 0,
          "attributes": {
            "description": "",
            "family": "linux",
            "id": "79",
            "name": "ubuntu",
            "requirements": [
              {
                "bandwidth_min": 0,
                "cpu_min": 0,
                "disk_min": 0,
                "ram_min": 0
              }
            ],
            "version": "22.04",
            "version_codename": "jammy"
          },
          "sensitive_attributes": []
        }
      ]
    },
    {
      "mode": "data",
      "type": "twc_presets",
      "name": "preset",
      "provider": "provider[\"tf.timeweb.cloud/timeweb-cloud/timeweb-cloud\"]",
      "instances": [
        {
          "schema_version": 0,
          "attributes": {
            "bandwidth": 1000,
            "cpu": 1,
            "cpu_frequency": "3.3",
            "description": "",
            "description_short": "Cloud-15",
            "disk": 15360,
            "disk_type": "nvme",
            "id": "2447",
            "is_allowed_local_network": true,
            "location": "ru-1",
            "price": 150,
            "price_filter": [
              {
                "from": 100,
                "to": 300
              }
            ],
            "ram": 1024,
            "tags": [
              "cp",
              "discount35",
              "site"
            ]
          },
          "sensitive_attributes": []
        }
      ]
    },
    {
      "mode": "managed",
      "type": "twc_project",
      "name": "lab3",
      "provider": "provider[\"tf.timeweb.cloud/timeweb-cloud/timeweb-cloud\"]",
      "instances": [
        {
          "schema_version": 0,
          "attributes": {
            "description": "Lab 3 project for security moment",
            "id": "1141643",
            "is_default": false,
            "name": "Lab 3 security moment"
          },
          "sensitive_attributes": [],
          "private": "bnVsbA=="
        }
      ]
    },
    {
      "mode": "managed",
      "type": "twc_server",
      "name": "server",
      "provider": "provider[\"tf.timeweb.cloud/timeweb-cloud/timeweb-cloud\"]",
      "instances": [
        {
          "schema_version": 0,
          "attributes": {
            "availability_zone": "spb-3",
            "avatar_id": "",
            "bandwidth": null,
            "boot_mode": "std",
            "cloud_init": null,
            "comment": "",
            "configuration": [],
            "configurator_id": 0,
            "cpu": 1,
            "cpu_frequency": "3.3",
            "disks": [
              {
                "id": 20268473,
                "is_mounted": true,
                "is_system": true,
                "size": 15360,
                "status": "done",
                "system_name": "vda",
                "type": "nvme",
                "used": 0
              }
            ],
            "floating_ip_id": null,
            "id": "3727271",
            "image_id": null,
            "is_ddos_guard": false,
            "local_network": [],
            "location": "ru-1",
            "main_ipv4": "77.232.129.99",
            "name": "server",
            "networks": [
              {
                "bandwidth": 1000,
                "ips": [
                  {
                    "ip": "2a03:6f00:4::8b8f",
                    "is_main": true,
                    "ptr": "",
                    "type": "ipv6"
                  },
                  {
                    "ip": "77.232.129.99",
                    "is_main": true,
                    "ptr": "",
                    "type": "ipv4"
                  }
                ],
                "is_ddos_guard": false,
                "nat_mode": "",
                "type": "public"
              }
            ],
            "os": [
              {
                "id": 79,
                "name": "ubuntu",
                "version": "22.04"
              }
            ],
            "os_id": 79,
            "preset_id": 2447,
            "project_id": 1141643,
            "ram": 1024,
            "software": [],
            "software_id": null,
            "source_server_id": null,
            "ssh_keys_ids": null,
            "start_at": "2024-11-05T03:59:09.000Z",
            "status": "on",
            "vnc_pass": ""
          },
          "sensitive_attributes": [
            [
              {
                "type": "get_attr",
                "value": "vnc_pass"
              }
            ]
          ],
          "private": "bnVsbA==",
          "dependencies": [
            "data.twc_os.os",
            "data.twc_presets.preset",
            "twc_project.lab3"
          ]
        }
      ]
    },
    {
      "mode": "managed",
      "type": "twc_server_ip",
      "name": "ip",
      "provider": "provider[\"tf.timeweb.cloud/timeweb-cloud/timeweb-cloud\"]",
      "instances": [
        {
          "schema_version": 0,
          "attributes": {
            "id": "3727271-77.232.129.99",
            "ip": "77.232.129.99",
            "is_main": true,
            "ptr": "",
            "source_server_id": 3727271,
            "type": "ipv4"
          },
          "sensitive_attributes": [],
          "private": "bnVsbA==",
          "dependencies": [
            "data.twc_os.os",
            "data.twc_presets.preset",
            "twc_project.lab3",
            "twc_server.server"
          ]
        }
      ]
    }
  ],
  "check_results": null
}
