{
  "version": 4,
  "terraform_version": "1.9.8",
  "serial": 7,
  "lineage": "8be02661-6029-b55d-0bc0-86d5f2d7a028",
  "outputs": {
    "ipv4_1": {
      "value": "176.53.160.164",
      "type": "string"
    },
    "ipv4_2": {
      "value": "213.171.14.74",
      "type": "string"
    }
  },
  "resources": [
    {
      "mode": "data",
      "type": "twc_os",
      "name": "os",
      "provider": "provider[\"tf.timeweb.cloud/timeweb-cloud/timeweb-cloud\"]",
      "instances": [
        {
          "schema_version": 0,
          "attributes": {
            "description": "",
            "family": "linux",
            "id": "79",
            "name": "ubuntu",
            "requirements": [
              {
                "bandwidth_min": 0,
                "cpu_min": 0,
                "disk_min": 0,
                "ram_min": 0
              }
            ],
            "version": "22.04",
            "version_codename": "jammy"
          },
          "sensitive_attributes": []
        }
      ]
    },
    {
      "mode": "data",
      "type": "twc_presets",
      "name": "preset",
      "provider": "provider[\"tf.timeweb.cloud/timeweb-cloud/timeweb-cloud\"]",
      "instances": [
        {
          "schema_version": 0,
          "attributes": {
            "bandwidth": 1000,
            "cpu": 1,
            "cpu_frequency": "3.3",
            "description": "",
            "description_short": "Cloud-30",
            "disk": 30720,
            "disk_type": "nvme",
            "id": "2449",
            "is_allowed_local_network": true,
            "location": "ru-1",
            "price": 400,
            "price_filter": [
              {
                "from": 300,
                "to": 500
              }
            ],
            "ram": 2048,
            "tags": [
              "cp",
              "discount35",
              "recommended_cp",
              "site"
            ]
          },
          "sensitive_attributes": []
        }
      ]
    },
    {
      "mode": "managed",
      "type": "twc_project",
      "name": "lab6",
      "provider": "provider[\"tf.timeweb.cloud/timeweb-cloud/timeweb-cloud\"]",
      "instances": [
        {
          "schema_version": 0,
          "attributes": {
            "description": "Lab 6 project for security moment",
            "id": "1154655",
            "is_default": false,
            "name": "Lab 6 security moment"
          },
          "sensitive_attributes": [],
          "private": "bnVsbA=="
        }
      ]
    },
    {
      "mode": "managed",
      "type": "twc_server",
      "name": "server_1",
      "provider": "provider[\"tf.timeweb.cloud/timeweb-cloud/timeweb-cloud\"]",
      "instances": [
        {
          "schema_version": 0,
          "attributes": {
            "availability_zone": "spb-3",
            "avatar_id": "",
            "bandwidth": null,
            "boot_mode": "std",
            "cloud_init": null,
            "comment": "",
            "configuration": [],
            "configurator_id": 0,
            "cpu": 1,
            "cpu_frequency": "3.3",
            "disks": [
              {
                "id": 20308475,
                "is_mounted": true,
                "is_system": true,
                "size": 30720,
                "status": "done",
                "system_name": "vda",
                "type": "nvme",
                "used": 0
              }
            ],
            "floating_ip_id": null,
            "id": "3766609",
            "image_id": null,
            "is_ddos_guard": false,
            "local_network": [
              {
                "id": "network-2e63c2297e7740b7b0c2e986e15604db",
                "ip": "",
                "mode": ""
              }
            ],
            "location": "ru-1",
            "main_ipv4": null,
            "name": "server",
            "networks": [
              {
                "bandwidth": 1000,
                "ips": [],
                "is_ddos_guard": false,
                "nat_mode": "",
                "type": "public"
              },
              {
                "bandwidth": 0,
                "ips": [
                  {
                    "ip": "192.168.0.4",
                    "is_main": false,
                    "ptr": "",
                    "type": "ipv4"
                  }
                ],
                "is_ddos_guard": false,
                "nat_mode": "no_nat",
                "type": "local"
              }
            ],
            "os": [
              {
                "id": 79,
                "name": "ubuntu",
                "version": "22.04"
              }
            ],
            "os_id": 79,
            "preset_id": 2449,
            "project_id": 1154655,
            "ram": 2048,
            "software": [],
            "software_id": null,
            "source_server_id": null,
            "ssh_keys_ids": null,
            "start_at": "",
            "status": "installing",
            "vnc_pass": ""
          },
          "sensitive_attributes": [
            [
              {
                "type": "get_attr",
                "value": "vnc_pass"
              }
            ]
          ],
          "private": "bnVsbA==",
          "dependencies": [
            "data.twc_os.os",
            "data.twc_presets.preset",
            "twc_project.lab6",
            "twc_vpc.vpc"
          ]
        }
      ]
    },
    {
      "mode": "managed",
      "type": "twc_server",
      "name": "server_2",
      "provider": "provider[\"tf.timeweb.cloud/timeweb-cloud/timeweb-cloud\"]",
      "instances": [
        {
          "schema_version": 0,
          "attributes": {
            "availability_zone": "spb-3",
            "avatar_id": "",
            "bandwidth": null,
            "boot_mode": "std",
            "cloud_init": null,
            "comment": "",
            "configuration": [],
            "configurator_id": 0,
            "cpu": 1,
            "cpu_frequency": "3.3",
            "disks": [
              {
                "id": 20308477,
                "is_mounted": true,
                "is_system": true,
                "size": 30720,
                "status": "done",
                "system_name": "vda",
                "type": "nvme",
                "used": 0
              }
            ],
            "floating_ip_id": null,
            "id": "3766611",
            "image_id": null,
            "is_ddos_guard": false,
            "local_network": [
              {
                "id": "network-2e63c2297e7740b7b0c2e986e15604db",
                "ip": "",
                "mode": ""
              }
            ],
            "location": "ru-1",
            "main_ipv4": null,
            "name": "server",
            "networks": [
              {
                "bandwidth": 1000,
                "ips": [],
                "is_ddos_guard": false,
                "nat_mode": "",
                "type": "public"
              },
              {
                "bandwidth": 0,
                "ips": [
                  {
                    "ip": "192.168.0.5",
                    "is_main": false,
                    "ptr": "",
                    "type": "ipv4"
                  }
                ],
                "is_ddos_guard": false,
                "nat_mode": "no_nat",
                "type": "local"
              }
            ],
            "os": [
              {
                "id": 79,
                "name": "ubuntu",
                "version": "22.04"
              }
            ],
            "os_id": 79,
            "preset_id": 2449,
            "project_id": 1154655,
            "ram": 2048,
            "software": [],
            "software_id": null,
            "source_server_id": null,
            "ssh_keys_ids": null,
            "start_at": "",
            "status": "installing",
            "vnc_pass": ""
          },
          "sensitive_attributes": [
            [
              {
                "type": "get_attr",
                "value": "vnc_pass"
              }
            ]
          ],
          "private": "bnVsbA==",
          "dependencies": [
            "data.twc_os.os",
            "data.twc_presets.preset",
            "twc_project.lab6",
            "twc_vpc.vpc"
          ]
        }
      ]
    },
    {
      "mode": "managed",
      "type": "twc_server_ip",
      "name": "ip_1",
      "provider": "provider[\"tf.timeweb.cloud/timeweb-cloud/timeweb-cloud\"]",
      "instances": [
        {
          "schema_version": 0,
          "attributes": {
            "id": "3766609-176.53.160.164",
            "ip": "176.53.160.164",
            "is_main": true,
            "ptr": "",
            "source_server_id": 3766609,
            "type": "ipv4"
          },
          "sensitive_attributes": [],
          "private": "bnVsbA==",
          "dependencies": [
            "data.twc_os.os",
            "data.twc_presets.preset",
            "twc_project.lab6",
            "twc_server.server_1",
            "twc_vpc.vpc"
          ]
        }
      ]
    },
    {
      "mode": "managed",
      "type": "twc_server_ip",
      "name": "ip_2",
      "provider": "provider[\"tf.timeweb.cloud/timeweb-cloud/timeweb-cloud\"]",
      "instances": [
        {
          "schema_version": 0,
          "attributes": {
            "id": "3766611-213.171.14.74",
            "ip": "213.171.14.74",
            "is_main": true,
            "ptr": "",
            "source_server_id": 3766611,
            "type": "ipv4"
          },
          "sensitive_attributes": [],
          "private": "bnVsbA==",
          "dependencies": [
            "data.twc_os.os",
            "data.twc_presets.preset",
            "twc_project.lab6",
            "twc_server.server_2",
            "twc_vpc.vpc"
          ]
        }
      ]
    },
    {
      "mode": "managed",
      "type": "twc_vpc",
      "name": "vpc",
      "provider": "provider[\"tf.timeweb.cloud/timeweb-cloud/timeweb-cloud\"]",
      "instances": [
        {
          "schema_version": 0,
          "attributes": {
            "description": "Lab 6 VPC",
            "id": "network-2e63c2297e7740b7b0c2e986e15604db",
            "location": "ru-1",
            "name": "Lab 6 VPC",
            "subnet_v4": "192.168.0.0/24"
          },
          "sensitive_attributes": [],
          "private": "bnVsbA=="
        }
      ]
    }
  ],
  "check_results": null
}
